{
  "requires": true,
  "lockfileVersion": 1,
  "dependencies": {
    "vue3-lazy": {
      "version": "1.0.0-alpha.1",
      "resolved": "https://registry.npmjs.org/vue3-lazy/-/vue3-lazy-1.0.0-alpha.1.tgz",
      "integrity": "sha512-dpjpKK4DC5q+wZVtS/VY3X6pYBJHxRmYanr20s39RB6o6fvbneQ/DNuz37bipYfEdrEvbSZ95Y2SCexuznQNrQ=="
    }
  }
}
